# This file is automatically @generated by Poetry 1.8.3 and should not be changed by hand.

[[package]]
name = "ifcfg"
version = "0.24"
description = "Python ifconfig wrapper for Unix/Linux/MacOSX + ipconfig for Windows"
optional = false
python-versions = "*"
files = [
    {file = "ifcfg-0.24-py2.py3-none-any.whl", hash = "sha256:950f31ddc3fdd877724fb4154b744434471106088ecf10170b96063c24b3c0b7"},
    {file = "ifcfg-0.24.tar.gz", hash = "sha256:64f60f7a0d15c85876b76b5f79246ed8c27bf5f79e5753ec88287145884661ab"},
]

[metadata]
lock-version = "2.0"
python-versions = "^3.12"
content-hash = "e9dcf28ecae83639ed407b4d0dbff0e925ecf162d000b00776b8842c73777b7c"
